
Microsoft Visual Studio Solution File, Format Version 12.00
# Visual Studio 2012
Project("{FAE04EC0-301F-11D3-BF4B-00C04F79EFBC}") = "Straggler5", "Straggler5\Straggler5.csproj", "{16FF401A-5F1D-4D43-B27B-7CFDA91B0E06}"
EndProject
Global
	GlobalSection(SolutionConfigurationPlatforms) = preSolution
		Debug|iPhoneSimulator = Debug|iPhoneSimulator
		Release|iPhone = Release|iPhone
		Release|iPhoneSimulator = Release|iPhoneSimulator
		Debug|iPhone = Debug|iPhone
	EndGlobalSection
	GlobalSection(ProjectConfigurationPlatforms) = postSolution
		{16FF401A-5F1D-4D43-B27B-7CFDA91B0E06}.Debug|iPhoneSimulator.ActiveCfg = Debug|iPhoneSimulator
		{16FF401A-5F1D-4D43-B27B-7CFDA91B0E06}.Debug|iPhoneSimulator.Build.0 = Debug|iPhoneSimulator
		{16FF401A-5F1D-4D43-B27B-7CFDA91B0E06}.Release|iPhone.ActiveCfg = Release|iPhone
		{16FF401A-5F1D-4D43-B27B-7CFDA91B0E06}.Release|iPhone.Build.0 = Release|iPhone
		{16FF401A-5F1D-4D43-B27B-7CFDA91B0E06}.Release|iPhoneSimulator.ActiveCfg = Release|iPhoneSimulator
		{16FF401A-5F1D-4D43-B27B-7CFDA91B0E06}.Release|iPhoneSimulator.Build.0 = Release|iPhoneSimulator
		{16FF401A-5F1D-4D43-B27B-7CFDA91B0E06}.Debug|iPhone.ActiveCfg = Debug|iPhone
		{16FF401A-5F1D-4D43-B27B-7CFDA91B0E06}.Debug|iPhone.Build.0 = Debug|iPhone
	EndGlobalSection
EndGlobal
